// !$*UTF8*$!
{
	archiveVersion = 1;
	classes = {
	};
	objectVersion = 46;
	objects = {

/* Begin PBXBuildFile section */
		669D181B18F9B39400EA034B /* Foundation.framework in Frameworks */ = {isa = PBXBuildFile; fileRef = 669D181A18F9B39400EA034B /* Foundation.framework */; };
		669D181D18F9B39400EA034B /* CoreGraphics.framework in Frameworks */ = {isa = PBXBuildFile; fileRef = 669D181C18F9B39400EA034B /* CoreGraphics.framework */; };
		669D181F18F9B39400EA034B /* UIKit.framework in Frameworks */ = {isa = PBXBuildFile; fileRef = 669D181E18F9B39400EA034B /* UIKit.framework */; };
		669D182518F9B39400EA034B /* InfoPlist.strings in Resources */ = {isa = PBXBuildFile; fileRef = 669D182318F9B39400EA034B /* InfoPlist.strings */; };
		669D182718F9B39400EA034B /* main.m in Sources */ = {isa = PBXBuildFile; fileRef = 669D182618F9B39400EA034B /* main.m */; };
		669D182B18F9B39400EA034B /* GVYAppDelegate.m in Sources */ = {isa = PBXBuildFile; fileRef = 669D182A18F9B39400EA034B /* GVYAppDelegate.m */; };
		669D182E18F9B39400EA034B /* Main.storyboard in Resources */ = {isa = PBXBuildFile; fileRef = 669D182C18F9B39400EA034B /* Main.storyboard */; };
		669D183118F9B39400EA034B /* GVYViewController.m in Sources */ = {isa = PBXBuildFile; fileRef = 669D183018F9B39400EA034B /* GVYViewController.m */; };
		669D183318F9B39400EA034B /* Images.xcassets in Resources */ = {isa = PBXBuildFile; fileRef = 669D183218F9B39400EA034B /* Images.xcassets */; };
		669D183A18F9B39400EA034B /* XCTest.framework in Frameworks */ = {isa = PBXBuildFile; fileRef = 669D183918F9B39400EA034B /* XCTest.framework */; };
		669D183B18F9B39400EA034B /* Foundation.framework in Frameworks */ = {isa = PBXBuildFile; fileRef = 669D181A18F9B39400EA034B /* Foundation.framework */; };
		669D183C18F9B39400EA034B /* UIKit.framework in Frameworks */ = {isa = PBXBuildFile; fileRef = 669D181E18F9B39400EA034B /* UIKit.framework */; };
		669D184418F9B39400EA034B /* InfoPlist.strings in Resources */ = {isa = PBXBuildFile; fileRef = 669D184218F9B39400EA034B /* InfoPlist.strings */; };
		669D184618F9B39400EA034B /* GravityTests.m in Sources */ = {isa = PBXBuildFile; fileRef = 669D184518F9B39400EA034B /* GravityTests.m */; };
/* End PBXBuildFile section */

/* Begin PBXContainerItemProxy section */
		669D183D18F9B39400EA034B /* PBXContainerItemProxy */ = {
			isa = PBXContainerItemProxy;
			containerPortal = 669D180F18F9B39400EA034B /* Project object */;
			proxyType = 1;
			remoteGlobalIDString = 669D181618F9B39400EA034B;
			remoteInfo = Gravity;
		};
/* End PBXContainerItemProxy section */

/* Begin PBXFileReference section */
		669D181718F9B39400EA034B /* Gravity.app */ = {isa = PBXFileReference; explicitFileType = wrapper.application; includeInIndex = 0; path = Gravity.app; sourceTree = BUILT_PRODUCTS_DIR; };
		669D181A18F9B39400EA034B /* Foundation.framework */ = {isa = PBXFileReference; lastKnownFileType = wrapper.framework; name = Foundation.framework; path = System/Library/Frameworks/Foundation.framework; sourceTree = SDKROOT; };
		669D181C18F9B39400EA034B /* CoreGraphics.framework */ = {isa = PBXFileReference; lastKnownFileType = wrapper.framework; name = CoreGraphics.framework; path = System/Library/Frameworks/CoreGraphics.framework; sourceTree = SDKROOT; };
		669D181E18F9B39400EA034B /* UIKit.framework */ = {isa = PBXFileReference; lastKnownFileType = wrapper.framework; name = UIKit.framework; path = System/Library/Frameworks/UIKit.framework; sourceTree = SDKROOT; };
		669D182218F9B39400EA034B /* Gravity-Info.plist */ = {isa = PBXFileReference; lastKnownFileType = text.plist.xml; path = "Gravity-Info.plist"; sourceTree = "<group>"; };
		669D182418F9B39400EA034B /* en */ = {isa = PBXFileReference; lastKnownFileType = text.plist.strings; name = en; path = en.lproj/InfoPlist.strings; sourceTree = "<group>"; };
		669D182618F9B39400EA034B /* main.m */ = {isa = PBXFileReference; lastKnownFileType = sourcecode.c.objc; path = main.m; sourceTree = "<group>"; };
		669D182818F9B39400EA034B /* Gravity-Prefix.pch */ = {isa = PBXFileReference; lastKnownFileType = sourcecode.c.h; path = "Gravity-Prefix.pch"; sourceTree = "<group>"; };
		669D182918F9B39400EA034B /* GVYAppDelegate.h */ = {isa = PBXFileReference; lastKnownFileType = sourcecode.c.h; path = GVYAppDelegate.h; sourceTree = "<group>"; };
		669D182A18F9B39400EA034B /* GVYAppDelegate.m */ = {isa = PBXFileReference; lastKnownFileType = sourcecode.c.objc; path = GVYAppDelegate.m; sourceTree = "<group>"; };
		669D182D18F9B39400EA034B /* Base */ = {isa = PBXFileReference; lastKnownFileType = file.storyboard; name = Base; path = Base.lproj/Main.storyboard; sourceTree = "<group>"; };
		669D182F18F9B39400EA034B /* GVYViewController.h */ = {isa = PBXFileReference; lastKnownFileType = sourcecode.c.h; path = GVYViewController.h; sourceTree = "<group>"; };
		669D183018F9B39400EA034B /* GVYViewController.m */ = {isa = PBXFileReference; lastKnownFileType = sourcecode.c.objc; path = GVYViewController.m; sourceTree = "<group>"; };
		669D183218F9B39400EA034B /* Images.xcassets */ = {isa = PBXFileReference; lastKnownFileType = folder.assetcatalog; path = Images.xcassets; sourceTree = "<group>"; };
		669D183818F9B39400EA034B /* GravityTests.xctest */ = {isa = PBXFileReference; explicitFileType = wrapper.cfbundle; includeInIndex = 0; path = GravityTests.xctest; sourceTree = BUILT_PRODUCTS_DIR; };
		669D183918F9B39400EA034B /* XCTest.framework */ = {isa = PBXFileReference; lastKnownFileType = wrapper.framework; name = XCTest.framework; path = Library/Frameworks/XCTest.framework; sourceTree = DEVELOPER_DIR; };
		669D184118F9B39400EA034B /* GravityTests-Info.plist */ = {isa = PBXFileReference; lastKnownFileType = text.plist.xml; path = "GravityTests-Info.plist"; sourceTree = "<group>"; };
		669D184318F9B39400EA034B /* en */ = {isa = PBXFileReference; lastKnownFileType = text.plist.strings; name = en; path = en.lproj/InfoPlist.strings; sourceTree = "<group>"; };
		669D184518F9B39400EA034B /* GravityTests.m */ = {isa = PBXFileReference; lastKnownFileType = sourcecode.c.objc; path = GravityTests.m; sourceTree = "<group>"; };
/* End PBXFileReference section */

/* Begin PBXFrameworksBuildPhase section */
		669D181418F9B39400EA034B /* Frameworks */ = {
			isa = PBXFrameworksBuildPhase;
			buildActionMask = 2147483647;
			files = (
				669D181D18F9B39400EA034B /* CoreGraphics.framework in Frameworks */,
				669D181F18F9B39400EA034B /* UIKit.framework in Frameworks */,
				669D181B18F9B39400EA034B /* Foundation.framework in Frameworks */,
			);
			runOnlyForDeploymentPostprocessing = 0;
		};
		669D183518F9B39400EA034B /* Frameworks */ = {
			isa = PBXFrameworksBuildPhase;
			buildActionMask = 2147483647;
			files = (
				669D183A18F9B39400EA034B /* XCTest.framework in Frameworks */,
				669D183C18F9B39400EA034B /* UIKit.framework in Frameworks */,
				669D183B18F9B39400EA034B /* Foundation.framework in Frameworks */,
			);
			runOnlyForDeploymentPostprocessing = 0;
		};
/* End PBXFrameworksBuildPhase section */

/* Begin PBXGroup section */
		669D180E18F9B39400EA034B = {
			isa = PBXGroup;
			children = (
				669D182018F9B39400EA034B /* Gravity */,
				669D183F18F9B39400EA034B /* GravityTests */,
				669D181918F9B39400EA034B /* Frameworks */,
				669D181818F9B39400EA034B /* Products */,
			);
			sourceTree = "<group>";
		};
		669D181818F9B39400EA034B /* Products */ = {
			isa = PBXGroup;
			children = (
				669D181718F9B39400EA034B /* Gravity.app */,
				669D183818F9B39400EA034B /* GravityTests.xctest */,
			);
			name = Products;
			sourceTree = "<group>";
		};
		669D181918F9B39400EA034B /* Frameworks */ = {
			isa = PBXGroup;
			children = (
				669D181A18F9B39400EA034B /* Foundation.framework */,
				669D181C18F9B39400EA034B /* CoreGraphics.framework */,
				669D181E18F9B39400EA034B /* UIKit.framework */,
				669D183918F9B39400EA034B /* XCTest.framework */,
			);
			name = Frameworks;
			sourceTree = "<group>";
		};
		669D182018F9B39400EA034B /* Gravity */ = {
			isa = PBXGroup;
			children = (
				669D182918F9B39400EA034B /* GVYAppDelegate.h */,
				669D182A18F9B39400EA034B /* GVYAppDelegate.m */,
				669D182C18F9B39400EA034B /* Main.storyboard */,
				669D182F18F9B39400EA034B /* GVYViewController.h */,
				669D183018F9B39400EA034B /* GVYViewController.m */,
				669D183218F9B39400EA034B /* Images.xcassets */,
				669D182118F9B39400EA034B /* Supporting Files */,
			);
			path = Gravity;
			sourceTree = "<group>";
		};
		669D182118F9B39400EA034B /* Supporting Files */ = {
			isa = PBXGroup;
			children = (
				669D182218F9B39400EA034B /* Gravity-Info.plist */,
				669D182318F9B39400EA034B /* InfoPlist.strings */,
				669D182618F9B39400EA034B /* main.m */,
				669D182818F9B39400EA034B /* Gravity-Prefix.pch */,
			);
			name = "Supporting Files";
			sourceTree = "<group>";
		};
		669D183F18F9B39400EA034B /* GravityTests */ = {
			isa = PBXGroup;
			children = (
				669D184518F9B39400EA034B /* GravityTests.m */,
				669D184018F9B39400EA034B /* Supporting Files */,
			);
			path = GravityTests;
			sourceTree = "<group>";
		};
		669D184018F9B39400EA034B /* Supporting Files */ = {
			isa = PBXGroup;
			children = (
				669D184118F9B39400EA034B /* GravityTests-Info.plist */,
				669D184218F9B39400EA034B /* InfoPlist.strings */,
			);
			name = "Supporting Files";
			sourceTree = "<group>";
		};
/* End PBXGroup section */

/* Begin PBXNativeTarget section */
		669D181618F9B39400EA034B /* Gravity */ = {
			isa = PBXNativeTarget;
			buildConfigurationList = 669D184918F9B39400EA034B /* Build configuration list for PBXNativeTarget "Gravity" */;
			buildPhases = (
				669D181318F9B39400EA034B /* Sources */,
				669D181418F9B39400EA034B /* Frameworks */,
				669D181518F9B39400EA034B /* Resources */,
			);
			buildRules = (
			);
			dependencies = (
			);
			name = Gravity;
			productName = Gravity;
			productReference = 669D181718F9B39400EA034B /* Gravity.app */;
			productType = "com.apple.product-type.application";
		};
		669D183718F9B39400EA034B /* GravityTests */ = {
			isa = PBXNativeTarget;
			buildConfigurationList = 669D184C18F9B39400EA034B /* Build configuration list for PBXNativeTarget "GravityTests" */;
			buildPhases = (
				669D183418F9B39400EA034B /* Sources */,
				669D183518F9B39400EA034B /* Frameworks */,
				669D183618F9B39400EA034B /* Resources */,
			);
			buildRules = (
			);
			dependencies = (
				669D183E18F9B39400EA034B /* PBXTargetDependency */,
			);
			name = GravityTests;
			productName = GravityTests;
			productReference = 669D183818F9B39400EA034B /* GravityTests.xctest */;
			productType = "com.apple.product-type.bundle.unit-test";
		};
/* End PBXNativeTarget section */

/* Begin PBXProject section */
		669D180F18F9B39400EA034B /* Project object */ = {
			isa = PBXProject;
			attributes = {
				CLASSPREFIX = GVY;
				LastUpgradeCheck = 0510;
				ORGANIZATIONNAME = Bolster;
				TargetAttributes = {
					669D183718F9B39400EA034B = {
						TestTargetID = 669D181618F9B39400EA034B;
					};
				};
			};
			buildConfigurationList = 669D181218F9B39400EA034B /* Build configuration list for PBXProject "Gravity" */;
			compatibilityVersion = "Xcode 3.2";
			developmentRegion = English;
			hasScannedForEncodings = 0;
			knownRegions = (
				en,
				Base,
			);
			mainGroup = 669D180E18F9B39400EA034B;
			productRefGroup = 669D181818F9B39400EA034B /* Products */;
			projectDirPath = "";
			projectRoot = "";
			targets = (
				669D181618F9B39400EA034B /* Gravity */,
				669D183718F9B39400EA034B /* GravityTests */,
			);
		};
/* End PBXProject section */

/* Begin PBXResourcesBuildPhase section */
		669D181518F9B39400EA034B /* Resources */ = {
			isa = PBXResourcesBuildPhase;
			buildActionMask = 2147483647;
			files = (
				669D183318F9B39400EA034B /* Images.xcassets in Resources */,
				669D182518F9B39400EA034B /* InfoPlist.strings in Resources */,
				669D182E18F9B39400EA034B /* Main.storyboard in Resources */,
			);
			runOnlyForDeploymentPostprocessing = 0;
		};
		669D183618F9B39400EA034B /* Resources */ = {
			isa = PBXResourcesBuildPhase;
			buildActionMask = 2147483647;
			files = (
				669D184418F9B39400EA034B /* InfoPlist.strings in Resources */,
			);
			runOnlyForDeploymentPostprocessing = 0;
		};
/* End PBXResourcesBuildPhase section */

/* Begin PBXSourcesBuildPhase section */
		669D181318F9B39400EA034B /* Sources */ = {
			isa = PBXSourcesBuildPhase;
			buildActionMask = 2147483647;
			files = (
				669D182718F9B39400EA034B /* main.m in Sources */,
				669D182B18F9B39400EA034B /* GVYAppDelegate.m in Sources */,
				669D183118F9B39400EA034B /* GVYViewController.m in Sources */,
			);
			runOnlyForDeploymentPostprocessing = 0;
		};
		669D183418F9B39400EA034B /* Sources */ = {
			isa = PBXSourcesBuildPhase;
			buildActionMask = 2147483647;
			files = (
				669D184618F9B39400EA034B /* GravityTests.m in Sources */,
			);
			runOnlyForDeploymentPostprocessing = 0;
		};
/* End PBXSourcesBuildPhase section */

/* Begin PBXTargetDependency section */
		669D183E18F9B39400EA034B /* PBXTargetDependency */ = {
			isa = PBXTargetDependency;
			target = 669D181618F9B39400EA034B /* Gravity */;
			targetProxy = 669D183D18F9B39400EA034B /* PBXContainerItemProxy */;
		};
/* End PBXTargetDependency section */

/* Begin PBXVariantGroup section */
		669D182318F9B39400EA034B /* InfoPlist.strings */ = {
			isa = PBXVariantGroup;
			children = (
				669D182418F9B39400EA034B /* en */,
			);
			name = InfoPlist.strings;
			sourceTree = "<group>";
		};
		669D182C18F9B39400EA034B /* Main.storyboard */ = {
			isa = PBXVariantGroup;
			children = (
				669D182D18F9B39400EA034B /* Base */,
			);
			name = Main.storyboard;
			sourceTree = "<group>";
		};
		669D184218F9B39400EA034B /* InfoPlist.strings */ = {
			isa = PBXVariantGroup;
			children = (
				669D184318F9B39400EA034B /* en */,
			);
			name = InfoPlist.strings;
			sourceTree = "<group>";
		};
/* End PBXVariantGroup section */

/* Begin XCBuildConfiguration section */
		669D184718F9B39400EA034B /* Debug */ = {
			isa = XCBuildConfiguration;
			buildSettings = {
				ALWAYS_SEARCH_USER_PATHS = NO;
				CLANG_CXX_LANGUAGE_STANDARD = "gnu++0x";
				CLANG_CXX_LIBRARY = "libc++";
				CLANG_ENABLE_MODULES = YES;
				CLANG_ENABLE_OBJC_ARC = YES;
				CLANG_WARN_BOOL_CONVERSION = YES;
				CLANG_WARN_CONSTANT_CONVERSION = YES;
				CLANG_WARN_DIRECT_OBJC_ISA_USAGE = YES_ERROR;
				CLANG_WARN_EMPTY_BODY = YES;
				CLANG_WARN_ENUM_CONVERSION = YES;
				CLANG_WARN_INT_CONVERSION = YES;
				CLANG_WARN_OBJC_ROOT_CLASS = YES_ERROR;
				CLANG_WARN__DUPLICATE_METHOD_MATCH = YES;
				"CODE_SIGN_IDENTITY[sdk=iphoneos*]" = "iPhone Developer";
				COPY_PHASE_STRIP = NO;
				GCC_C_LANGUAGE_STANDARD = gnu99;
				GCC_DYNAMIC_NO_PIC = NO;
				GCC_OPTIMIZATION_LEVEL = 0;
				GCC_PREPROCESSOR_DEFINITIONS = (
					"DEBUG=1",
					"$(inherited)",
				);
				GCC_SYMBOLS_PRIVATE_EXTERN = NO;
				GCC_WARN_64_TO_32_BIT_CONVERSION = YES;
				GCC_WARN_ABOUT_RETURN_TYPE = YES_ERROR;
				GCC_WARN_UNDECLARED_SELECTOR = YES;
				GCC_WARN_UNINITIALIZED_AUTOS = YES_AGGRESSIVE;
				GCC_WARN_UNUSED_FUNCTION = YES;
				GCC_WARN_UNUSED_VARIABLE = YES;
				IPHONEOS_DEPLOYMENT_TARGET = 7.1;
				ONLY_ACTIVE_ARCH = YES;
				SDKROOT = iphoneos;
			};
			name = Debug;
		};
		669D184818F9B39400EA034B /* Release */ = {
			isa = XCBuildConfiguration;
			buildSettings = {
				ALWAYS_SEARCH_USER_PATHS = NO;
				CLANG_CXX_LANGUAGE_STANDARD = "gnu++0x";
				CLANG_CXX_LIBRARY = "libc++";
				CLANG_ENABLE_MODULES = YES;
				CLANG_ENABLE_OBJC_ARC = YES;
				CLANG_WARN_BOOL_CONVERSION = YES;
				CLANG_WARN_CONSTANT_CONVERSION = YES;
				CLANG_WARN_DIRECT_OBJC_ISA_USAGE = YES_ERROR;
				CLANG_WARN_EMPTY_BODY = YES;
				CLANG_WARN_ENUM_CONVERSION = YES;
				CLANG_WARN_INT_CONVERSION = YES;
				CLANG_WARN_OBJC_ROOT_CLASS = YES_ERROR;
				CLANG_WARN__DUPLICATE_METHOD_MATCH = YES;
				"CODE_SIGN_IDENTITY[sdk=iphoneos*]" = "iPhone Developer";
				COPY_PHASE_STRIP = YES;
				ENABLE_NS_ASSERTIONS = NO;
				GCC_C_LANGUAGE_STANDARD = gnu99;
				GCC_WARN_64_TO_32_BIT_CONVERSION = YES;
				GCC_WARN_ABOUT_RETURN_TYPE = YES_ERROR;
				GCC_WARN_UNDECLARED_SELECTOR = YES;
				GCC_WARN_UNINITIALIZED_AUTOS = YES_AGGRESSIVE;
				GCC_WARN_UNUSED_FUNCTION = YES;
				GCC_WARN_UNUSED_VARIABLE = YES;
				IPHONEOS_DEPLOYMENT_TARGET = 7.1;
				SDKROOT = iphoneos;
				VALIDATE_PRODUCT = YES;
			};
			name = Release;
		};
		669D184A18F9B39400EA034B /* Debug */ = {
			isa = XCBuildConfiguration;
			buildSettings = {
				ASSETCATALOG_COMPILER_APPICON_NAME = AppIcon;
				ASSETCATALOG_COMPILER_LAUNCHIMAGE_NAME = LaunchImage;
				GCC_PRECOMPILE_PREFIX_HEADER = YES;
				GCC_PREFIX_HEADER = "Gravity/Gravity-Prefix.pch";
				INFOPLIST_FILE = "Gravity/Gravity-Info.plist";
				PRODUCT_NAME = "$(TARGET_NAME)";
				WRAPPER_EXTENSION = app;
			};
			name = Debug;
		};
		669D184B18F9B39400EA034B /* Release */ = {
			isa = XCBuildConfiguration;
			buildSettings = {
				ASSETCATALOG_COMPILER_APPICON_NAME = AppIcon;
				ASSETCATALOG_COMPILER_LAUNCHIMAGE_NAME = LaunchImage;
				GCC_PRECOMPILE_PREFIX_HEADER = YES;
				GCC_PREFIX_HEADER = "Gravity/Gravity-Prefix.pch";
				INFOPLIST_FILE = "Gravity/Gravity-Info.plist";
				PRODUCT_NAME = "$(TARGET_NAME)";
				WRAPPER_EXTENSION = app;
			};
			name = Release;
		};
		669D184D18F9B39400EA034B /* Debug */ = {
			isa = XCBuildConfiguration;
			buildSettings = {
				BUNDLE_LOADER = "$(BUILT_PRODUCTS_DIR)/Gravity.app/Gravity";
				FRAMEWORK_SEARCH_PATHS = (
					"$(SDKROOT)/Developer/Library/Frameworks",
					"$(inherited)",
					"$(DEVELOPER_FRAMEWORKS_DIR)",
				);
				GCC_PRECOMPILE_PREFIX_HEADER = YES;
				GCC_PREFIX_HEADER = "Gravity/Gravity-Prefix.pch";
				GCC_PREPROCESSOR_DEFINITIONS = (
					"DEBUG=1",
					"$(inherited)",
				);
				INFOPLIST_FILE = "GravityTests/GravityTests-Info.plist";
				PRODUCT_NAME = "$(TARGET_NAME)";
				TEST_HOST = "$(BUNDLE_LOADER)";
				WRAPPER_EXTENSION = xctest;
			};
			name = Debug;
		};
		669D184E18F9B39400EA034B /* Release */ = {
			isa = XCBuildConfiguration;
			buildSettings = {
				BUNDLE_LOADER = "$(BUILT_PRODUCTS_DIR)/Gravity.app/Gravity";
				FRAMEWORK_SEARCH_PATHS = (
					"$(SDKROOT)/Developer/Library/Frameworks",
					"$(inherited)",
					"$(DEVELOPER_FRAMEWORKS_DIR)",
				);
				GCC_PRECOMPILE_PREFIX_HEADER = YES;
				GCC_PREFIX_HEADER = "Gravity/Gravity-Prefix.pch";
				INFOPLIST_FILE = "GravityTests/GravityTests-Info.plist";
				PRODUCT_NAME = "$(TARGET_NAME)";
				TEST_HOST = "$(BUNDLE_LOADER)";
				WRAPPER_EXTENSION = xctest;
			};
			name = Release;
		};
/* End XCBuildConfiguration section */

/* Begin XCConfigurationList section */
		669D181218F9B39400EA034B /* Build configuration list for PBXProject "Gravity" */ = {
			isa = XCConfigurationList;
			buildConfigurations = (
				669D184718F9B39400EA034B /* Debug */,
				669D184818F9B39400EA034B /* Release */,
			);
			defaultConfigurationIsVisible = 0;
			defaultConfigurationName = Release;
		};
		669D184918F9B39400EA034B /* Build configuration list for PBXNativeTarget "Gravity" */ = {
			isa = XCConfigurationList;
			buildConfigurations = (
				669D184A18F9B39400EA034B /* Debug */,
				669D184B18F9B39400EA034B /* Release */,
			);
			defaultConfigurationIsVisible = 0;
		};
		669D184C18F9B39400EA034B /* Build configuration list for PBXNativeTarget "GravityTests" */ = {
			isa = XCConfigurationList;
			buildConfigurations = (
				669D184D18F9B39400EA034B /* Debug */,
				669D184E18F9B39400EA034B /* Release */,
			);
			defaultConfigurationIsVisible = 0;
		};
/* End XCConfigurationList section */
	};
	rootObject = 669D180F18F9B39400EA034B /* Project object */;
}
